
Microsoft Visual Studio Solution File, Format Version 12.00
# Visual Studio 15
VisualStudioVersion = 15.0.28307.757
MinimumVisualStudioVersion = 10.0.40219.1
Project("{FAE04EC0-301F-11D3-BF4B-00C04F79EFBC}") = "MVCBookAssignment", "MVCBookAssignment\MVCBookAssignment.csproj", "{8E5C5B35-A51D-4F86-AB5B-0B10C6CFC91D}"
EndProject
Global
	GlobalSection(SolutionConfigurationPlatforms) = preSolution
		Debug|Any CPU = Debug|Any CPU
		Release|Any CPU = Release|Any CPU
	EndGlobalSection
	GlobalSection(ProjectConfigurationPlatforms) = postSolution
		{8E5C5B35-A51D-4F86-AB5B-0B10C6CFC91D}.Debug|Any CPU.ActiveCfg = Debug|Any CPU
		{8E5C5B35-A51D-4F86-AB5B-0B10C6CFC91D}.Debug|Any CPU.Build.0 = Debug|Any CPU
		{8E5C5B35-A51D-4F86-AB5B-0B10C6CFC91D}.Release|Any CPU.ActiveCfg = Release|Any CPU
		{8E5C5B35-A51D-4F86-AB5B-0B10C6CFC91D}.Release|Any CPU.Build.0 = Release|Any CPU
	EndGlobalSection
	GlobalSection(SolutionProperties) = preSolution
		HideSolutionNode = FALSE
	EndGlobalSection
	GlobalSection(ExtensibilityGlobals) = postSolution
		SolutionGuid = {F73CD9DF-8940-47A2-9B8D-AE00F2B34F60}
	EndGlobalSection
EndGlobal
